
Microsoft Visual Studio Solution File, Format Version 12.00
# Visual Studio Version 16
VisualStudioVersion = 16.0.30128.74
MinimumVisualStudioVersion = 10.0.40219.1
Project("{8BC9CEB8-8B4A-11D0-8D11-00A0C91BC942}") = "TestTrigger", "TestTrigger.vcxproj", "{42E8BB5C-B2BE-4FB4-B38B-10B98C8728A9}"
EndProject
Global
	GlobalSection(SolutionConfigurationPlatforms) = preSolution
		Debug|x64 = Debug|x64
		Debug|x86 = Debug|x86
		Release|x64 = Release|x64
		Release|x86 = Release|x86
	EndGlobalSection
	GlobalSection(ProjectConfigurationPlatforms) = postSolution
		{42E8BB5C-B2BE-4FB4-B38B-10B98C8728A9}.Debug|x64.ActiveCfg = Debug|x64
		{42E8BB5C-B2BE-4FB4-B38B-10B98C8728A9}.Debug|x64.Build.0 = Debug|x64
		{42E8BB5C-B2BE-4FB4-B38B-10B98C8728A9}.Debug|x86.ActiveCfg = Debug|Win32
		{42E8BB5C-B2BE-4FB4-B38B-10B98C8728A9}.Debug|x86.Build.0 = Debug|Win32
		{42E8BB5C-B2BE-4FB4-B38B-10B98C8728A9}.Release|x64.ActiveCfg = Release|x64
		{42E8BB5C-B2BE-4FB4-B38B-10B98C8728A9}.Release|x64.Build.0 = Release|x64
		{42E8BB5C-B2BE-4FB4-B38B-10B98C8728A9}.Release|x86.ActiveCfg = Release|Win32
		{42E8BB5C-B2BE-4FB4-B38B-10B98C8728A9}.Release|x86.Build.0 = Release|Win32
	EndGlobalSection
	GlobalSection(SolutionProperties) = preSolution
		HideSolutionNode = FALSE
	EndGlobalSection
	GlobalSection(ExtensibilityGlobals) = postSolution
		SolutionGuid = {0837F1F4-3C37-4B51-A062-2E73B40884BB}
	EndGlobalSection
EndGlobal
